# This file is automatically @generated by Cargo.
# It is not intended for manual editing.
version = 4

[[package]]
name = "anyhow"
version = "1.0.100"
source = "registry+https://github.com/rust-lang/crates.io-index"
checksum = "a23eb6b1614318a8071c9b2521f36b424b2c83db5eb3a0fead4a6c0809af6e61"

[[package]]
name = "cinit"
version = "0.1.0"
dependencies = [
 "anyhow",
 "simple_term_attr",
]

[[package]]
name = "libc"
version = "0.2.177"
source = "registry+https://github.com/rust-lang/crates.io-index"
checksum = "2874a2af47a2325c2001a6e6fad9b16a53b802102b528163885171cf92b15976"

[[package]]
name = "simple_term_attr"
version = "0.2.2"
source = "registry+https://github.com/rust-lang/crates.io-index"
checksum = "1351d798aa2d7b0ff0a6e87bebf64e43383fafdae6794acfbf0d6a33bba71a72"
dependencies = [
 "libc",
]
